
Microsoft Visual Studio Solution File, Format Version 12.00
# Visual Studio 15
VisualStudioVersion = 15.0.28307.902
MinimumVisualStudioVersion = 10.0.40219.1
Project("{FAE04EC0-301F-11D3-BF4B-00C04F79EFBC}") = "SnackStore.Domain", "SnackStore.Domain\SnackStore.Domain.csproj", "{596DB83C-3C28-4CDC-A784-5D1FCBA3C3B5}"
EndProject
Project("{FAE04EC0-301F-11D3-BF4B-00C04F79EFBC}") = "SnackStore.WebUI", "SnackStore.WebUI\SnackStore.WebUI.csproj", "{435B998F-6713-4C85-8E18-B2F9587D4191}"
EndProject
Project("{FAE04EC0-301F-11D3-BF4B-00C04F79EFBC}") = "SnackStore.UnitTests", "SnackStore.UnitTests\SnackStore.UnitTests.csproj", "{7F968E2D-9AD2-48E5-AB1E-02FCC50FA147}"
EndProject
Global
	GlobalSection(SolutionConfigurationPlatforms) = preSolution
		Debug|Any CPU = Debug|Any CPU
		Release|Any CPU = Release|Any CPU
	EndGlobalSection
	GlobalSection(ProjectConfigurationPlatforms) = postSolution
		{596DB83C-3C28-4CDC-A784-5D1FCBA3C3B5}.Debug|Any CPU.ActiveCfg = Debug|Any CPU
		{596DB83C-3C28-4CDC-A784-5D1FCBA3C3B5}.Debug|Any CPU.Build.0 = Debug|Any CPU
		{596DB83C-3C28-4CDC-A784-5D1FCBA3C3B5}.Release|Any CPU.ActiveCfg = Release|Any CPU
		{596DB83C-3C28-4CDC-A784-5D1FCBA3C3B5}.Release|Any CPU.Build.0 = Release|Any CPU
		{435B998F-6713-4C85-8E18-B2F9587D4191}.Debug|Any CPU.ActiveCfg = Debug|Any CPU
		{435B998F-6713-4C85-8E18-B2F9587D4191}.Debug|Any CPU.Build.0 = Debug|Any CPU
		{435B998F-6713-4C85-8E18-B2F9587D4191}.Release|Any CPU.ActiveCfg = Release|Any CPU
		{435B998F-6713-4C85-8E18-B2F9587D4191}.Release|Any CPU.Build.0 = Release|Any CPU
		{7F968E2D-9AD2-48E5-AB1E-02FCC50FA147}.Debug|Any CPU.ActiveCfg = Debug|Any CPU
		{7F968E2D-9AD2-48E5-AB1E-02FCC50FA147}.Debug|Any CPU.Build.0 = Debug|Any CPU
		{7F968E2D-9AD2-48E5-AB1E-02FCC50FA147}.Release|Any CPU.ActiveCfg = Release|Any CPU
		{7F968E2D-9AD2-48E5-AB1E-02FCC50FA147}.Release|Any CPU.Build.0 = Release|Any CPU
	EndGlobalSection
	GlobalSection(SolutionProperties) = preSolution
		HideSolutionNode = FALSE
	EndGlobalSection
	GlobalSection(ExtensibilityGlobals) = postSolution
		SolutionGuid = {F825944D-BA92-4EF6-9E4B-271753ED8462}
	EndGlobalSection
EndGlobal
